// !$*UTF8*$!
{
	archiveVersion = 1;
	classes = {
	};
	objectVersion = 55;
	objects = {

/* Begin PBXBuildFile section */
		3F0547AC27C9B8BE006E3098 /* LoginViewController.swift in Sources */ = {isa = PBXBuildFile; fileRef = 3F0547AB27C9B8BE006E3098 /* LoginViewController.swift */; };
		3F0547AF27C9B8EA006E3098 /* UIViewExtensions.swift in Sources */ = {isa = PBXBuildFile; fileRef = 3F0547AE27C9B8EA006E3098 /* UIViewExtensions.swift */; };
		3F0547B127C9DB8F006E3098 /* DebugViewController.swift in Sources */ = {isa = PBXBuildFile; fileRef = 3F0547B027C9DB8F006E3098 /* DebugViewController.swift */; };
		3F0547B327C9E421006E3098 /* SignupEmailCheckingViewController.swift in Sources */ = {isa = PBXBuildFile; fileRef = 3F0547B227C9E421006E3098 /* SignupEmailCheckingViewController.swift */; };
		3F0547B527C9E82B006E3098 /* LoadingButton.swift in Sources */ = {isa = PBXBuildFile; fileRef = 3F0547B427C9E82B006E3098 /* LoadingButton.swift */; };
		3F0547B727C9E9D5006E3098 /* VesselTextField.swift in Sources */ = {isa = PBXBuildFile; fileRef = 3F0547B627C9E9D5006E3098 /* VesselTextField.swift */; };
		3F0547B927C9EAAB006E3098 /* UITextFieldExtensions.swift in Sources */ = {isa = PBXBuildFile; fileRef = 3F0547B827C9EAAB006E3098 /* UITextFieldExtensions.swift */; };
		3F0547BB27C9EB15006E3098 /* UINavigationControllerExtensions.swift in Sources */ = {isa = PBXBuildFile; fileRef = 3F0547BA27C9EB15006E3098 /* UINavigationControllerExtensions.swift */; };
		3F0547BD27C9F04D006E3098 /* UIViewControllerExtensions.swift in Sources */ = {isa = PBXBuildFile; fileRef = 3F0547BC27C9F04D006E3098 /* UIViewControllerExtensions.swift */; };
		3F0547BF27C9F105006E3098 /* AppConstants.swift in Sources */ = {isa = PBXBuildFile; fileRef = 3F0547BE27C9F105006E3098 /* AppConstants.swift */; };
		3F0547C127CA8DD1006E3098 /* ForgotPasswordViewController.swift in Sources */ = {isa = PBXBuildFile; fileRef = 3F0547C027CA8DD1006E3098 /* ForgotPasswordViewController.swift */; };
		3F0547C327CA94F1006E3098 /* StringExtensions.swift in Sources */ = {isa = PBXBuildFile; fileRef = 3F0547C227CA94F1006E3098 /* StringExtensions.swift */; };
		3F0547C427CA9823006E3098 /* VesselButton.swift in Sources */ = {isa = PBXBuildFile; fileRef = 3FE369F527C9B39100231D42 /* VesselButton.swift */; };
		3F0547C927CA9FF1006E3098 /* Server.swift in Sources */ = {isa = PBXBuildFile; fileRef = 3F0547C827CA9FF1006E3098 /* Server.swift */; };
		3F0547CB27CAC72D006E3098 /* SocialAuthViewController.swift in Sources */ = {isa = PBXBuildFile; fileRef = 3F0547CA27CAC72D006E3098 /* SocialAuthViewController.swift */; };
		3F0547CD27CACF08006E3098 /* WKWebviewExtension.swift in Sources */ = {isa = PBXBuildFile; fileRef = 3F0547CC27CACF08006E3098 /* WKWebviewExtension.swift */; };
		3F0547D027CAEE3B006E3098 /* Contact.swift in Sources */ = {isa = PBXBuildFile; fileRef = 3F0547CF27CAEE3B006E3098 /* Contact.swift */; };
		3F0547D227CAFD19006E3098 /* TestCardExistCheckingViewController.swift in Sources */ = {isa = PBXBuildFile; fileRef = 3F0547D127CAFD19006E3098 /* TestCardExistCheckingViewController.swift */; };
		3F0547D427CAFE57006E3098 /* UIColorExtensions.swift in Sources */ = {isa = PBXBuildFile; fileRef = 3F0547D327CAFE57006E3098 /* UIColorExtensions.swift */; };
		3F0547D627CAFF91006E3098 /* GiftedCardOnboardViewController.swift in Sources */ = {isa = PBXBuildFile; fileRef = 3F0547D527CAFF91006E3098 /* GiftedCardOnboardViewController.swift */; };
		3F0547D927CB00FA006E3098 /* BoughtCardLoginViewController.swift in Sources */ = {isa = PBXBuildFile; fileRef = 3F0547D727CB00FA006E3098 /* BoughtCardLoginViewController.swift */; };
		3F0547DA27CB00FA006E3098 /* NoTestCardOnboardViewController.swift in Sources */ = {isa = PBXBuildFile; fileRef = 3F0547D827CB00FA006E3098 /* NoTestCardOnboardViewController.swift */; };
		3F0547DC27CB0455006E3098 /* GiftedCardRegisterViewController.swift in Sources */ = {isa = PBXBuildFile; fileRef = 3F0547DB27CB0455006E3098 /* GiftedCardRegisterViewController.swift */; };
		3F12F003287A068D00FCC52E /* CheckmarkCollectionViewCell.xib in Resources */ = {isa = PBXBuildFile; fileRef = 3F13A7962877CB2D00C74FB9 /* CheckmarkCollectionViewCell.xib */; };
		3F12F007287A6B4800FCC52E /* DateExtensions.swift in Sources */ = {isa = PBXBuildFile; fileRef = 3F12F006287A6B4800FCC52E /* DateExtensions.swift */; };
		3F12F00B287A736600FCC52E /* Allergy.swift in Sources */ = {isa = PBXBuildFile; fileRef = 3F12F00A287A736600FCC52E /* Allergy.swift */; };
		3F12F00D287B3C6900FCC52E /* TermsViewController.swift in Sources */ = {isa = PBXBuildFile; fileRef = 3F12F00C287B3C6900FCC52E /* TermsViewController.swift */; };
		3F12F00F287B43AB00FCC52E /* UIScrollViewExtension.swift in Sources */ = {isa = PBXBuildFile; fileRef = 3F12F00E287B43AB00FCC52E /* UIScrollViewExtension.swift */; };
		3F12F011287B4C0600FCC52E /* Goal.swift in Sources */ = {isa = PBXBuildFile; fileRef = 3F12F010287B4C0600FCC52E /* Goal.swift */; };
		3F12F013287B4DCE00FCC52E /* ItemPreferencesViewController.swift in Sources */ = {isa = PBXBuildFile; fileRef = 3F12F012287B4DCD00FCC52E /* ItemPreferencesViewController.swift */; };
		3F12F016287B7A8200FCC52E /* CheckmarkImageCollectionViewCell.swift in Sources */ = {isa = PBXBuildFile; fileRef = 3F12F014287B7A8200FCC52E /* CheckmarkImageCollectionViewCell.swift */; };
		3F12F017287B7A8200FCC52E /* CheckmarkImageCollectionViewCell.xib in Resources */ = {isa = PBXBuildFile; fileRef = 3F12F015287B7A8200FCC52E /* CheckmarkImageCollectionViewCell.xib */; };
		3F12F019287B896A00FCC52E /* OnboardingFinalViewController.swift in Sources */ = {isa = PBXBuildFile; fileRef = 3F12F018287B896A00FCC52E /* OnboardingFinalViewController.swift */; };
		3F12F01E287C90BC00FCC52E /* MainViewController.swift in Sources */ = {isa = PBXBuildFile; fileRef = 3F12F01D287C90BC00FCC52E /* MainViewController.swift */; };
		3F12F040287CDA1400FCC52E /* Login.storyboard in Resources */ = {isa = PBXBuildFile; fileRef = 3FE369EC27C9A82A00231D42 /* Login.storyboard */; };
		3F12F045287DCC6900FCC52E /* TakeTest.storyboard in Resources */ = {isa = PBXBuildFile; fileRef = 3F12F044287DCC6900FCC52E /* TakeTest.storyboard */; };
		3F12F047287DCDFF00FCC52E /* SuccessfulTestTipsViewController.swift in Sources */ = {isa = PBXBuildFile; fileRef = 3F12F046287DCDFF00FCC52E /* SuccessfulTestTipsViewController.swift */; };
		3F12F049287DCE1400FCC52E /* PeeTipViewController.swift in Sources */ = {isa = PBXBuildFile; fileRef = 3F12F048287DCE1400FCC52E /* PeeTipViewController.swift */; };
		3F12F04B287DCE2200FCC52E /* CupTipViewController.swift in Sources */ = {isa = PBXBuildFile; fileRef = 3F12F04A287DCE2200FCC52E /* CupTipViewController.swift */; };
		3F12F04E287DD61400FCC52E /* IconCheckmarkView.swift in Sources */ = {isa = PBXBuildFile; fileRef = 3F12F04C287DD61400FCC52E /* IconCheckmarkView.swift */; };
		3F12F04F287DD61400FCC52E /* IconCheckmarkView.xib in Resources */ = {isa = PBXBuildFile; fileRef = 3F12F04D287DD61400FCC52E /* IconCheckmarkView.xib */; };
		3F12F051287E1CDE00FCC52E /* NibLoadingView.swift in Sources */ = {isa = PBXBuildFile; fileRef = 3F12F050287E1CDE00FCC52E /* NibLoadingView.swift */; };
		3F12F053287E283800FCC52E /* TestAfterWakingUpViewController.swift in Sources */ = {isa = PBXBuildFile; fileRef = 3F12F052287E283800FCC52E /* TestAfterWakingUpViewController.swift */; };
		3F12F056287E28EB00FCC52E /* Main.storyboard in Resources */ = {isa = PBXBuildFile; fileRef = 3F12F055287E28EB00FCC52E /* Main.storyboard */; };
		3F12F058287E532200FCC52E /* KeyboardFriendlyViewController.swift in Sources */ = {isa = PBXBuildFile; fileRef = 3F12F057287E532200FCC52E /* KeyboardFriendlyViewController.swift */; };
		3F13A7922877BEA200C74FB9 /* Diet.swift in Sources */ = {isa = PBXBuildFile; fileRef = 3F13A7912877BEA200C74FB9 /* Diet.swift */; };
		3F13A7972877CB2D00C74FB9 /* CheckmarkCollectionViewCell.swift in Sources */ = {isa = PBXBuildFile; fileRef = 3F13A7952877CB2D00C74FB9 /* CheckmarkCollectionViewCell.swift */; };
		3F3E113827F77CE00089BA6A /* OnboardingWelcomeViewController.swift in Sources */ = {isa = PBXBuildFile; fileRef = 3F3E113727F77CE00089BA6A /* OnboardingWelcomeViewController.swift */; };
		3F4C59482877CE6B0088F03A /* UICollectionViewExtension.swift in Sources */ = {isa = PBXBuildFile; fileRef = 3F4C59472877CE6B0088F03A /* UICollectionViewExtension.swift */; };
		3F4C594A2877CEC10088F03A /* NSObjectExtension.swift in Sources */ = {isa = PBXBuildFile; fileRef = 3F4C59492877CEC10088F03A /* NSObjectExtension.swift */; };
		3F87B95D27D27A6B00D589F7 /* ObjectStore.swift in Sources */ = {isa = PBXBuildFile; fileRef = 3F87B95C27D27A6B00D589F7 /* ObjectStore.swift */; };
		3F87B95F27D2C41C00D589F7 /* Storage.swift in Sources */ = {isa = PBXBuildFile; fileRef = 3F87B95E27D2C41C00D589F7 /* Storage.swift */; };
		3F87B96727D4209F00D589F7 /* Encodable.swift in Sources */ = {isa = PBXBuildFile; fileRef = 3F87B96627D4209F00D589F7 /* Encodable.swift */; };
		3F87B96C27D429E000D589F7 /* OnboardingViewModel.swift in Sources */ = {isa = PBXBuildFile; fileRef = 3F87B96927D429E000D589F7 /* OnboardingViewModel.swift */; };
		3F87B96D27D429E000D589F7 /* Onboarding.storyboard in Resources */ = {isa = PBXBuildFile; fileRef = 3F87B96A27D429E000D589F7 /* Onboarding.storyboard */; };
		3F87B96E27D429E000D589F7 /* GenderSelectViewController.swift in Sources */ = {isa = PBXBuildFile; fileRef = 3F87B96B27D429E000D589F7 /* GenderSelectViewController.swift */; };
		3F87B97027D42BEB00D589F7 /* HeightWeightSelectViewController.swift in Sources */ = {isa = PBXBuildFile; fileRef = 3F87B96F27D42BEB00D589F7 /* HeightWeightSelectViewController.swift */; };
		3F87B97227D44F4A00D589F7 /* LastViewController.swift in Sources */ = {isa = PBXBuildFile; fileRef = 3F87B97127D44F4A00D589F7 /* LastViewController.swift */; };
		3F87B97627D52D3500D589F7 /* BirthdaySelectViewController.swift in Sources */ = {isa = PBXBuildFile; fileRef = 3F87B97527D52D3500D589F7 /* BirthdaySelectViewController.swift */; };
		3F87B97827D5301800D589F7 /* SelectionCheckmarkView.swift in Sources */ = {isa = PBXBuildFile; fileRef = 3F87B97727D5301800D589F7 /* SelectionCheckmarkView.swift */; };
		3F87B97C27D532C200D589F7 /* SelectionCheckmarkView.xib in Resources */ = {isa = PBXBuildFile; fileRef = 3F87B97B27D532C200D589F7 /* SelectionCheckmarkView.xib */; };
		3F87B97E27D5338D00D589F7 /* NibRegistry.swift in Sources */ = {isa = PBXBuildFile; fileRef = 3F87B97D27D5338D00D589F7 /* NibRegistry.swift */; };
		3F96182027D56DE100CB37B6 /* GoogleService-Info.plist in Resources */ = {isa = PBXBuildFile; fileRef = 3F96181F27D56DE100CB37B6 /* GoogleService-Info.plist */; };
		3F96182627F35B1100CB37B6 /* VesselSegmentedControl.swift in Sources */ = {isa = PBXBuildFile; fileRef = 3F96182527F35B1100CB37B6 /* VesselSegmentedControl.swift */; };
		3FA66837287F4CAC0006166D /* CaptureIntroViewController.swift in Sources */ = {isa = PBXBuildFile; fileRef = 3FA66836287F4CAC0006166D /* CaptureIntroViewController.swift */; };
		3FA6683A287F54DF0006166D /* test_card_tutorial.mp4 in Resources */ = {isa = PBXBuildFile; fileRef = 3FA66839287F54DF0006166D /* test_card_tutorial.mp4 */; };
		3FA6683C287F64960006166D /* TipInstuctionsViewController.swift in Sources */ = {isa = PBXBuildFile; fileRef = 3FA6683B287F64960006166D /* TipInstuctionsViewController.swift */; };
		3FA6683E287F69830006166D /* TakeTestViewModel.swift in Sources */ = {isa = PBXBuildFile; fileRef = 3FA6683D287F69830006166D /* TakeTestViewModel.swift */; };
		3FA66840287F74DD0006166D /* TakeTestMVVMViewController.swift in Sources */ = {isa = PBXBuildFile; fileRef = 3FA6683F287F74DD0006166D /* TakeTestMVVMViewController.swift */; };
		3FE369A027C9A07E00231D42 /* AppDelegate.swift in Sources */ = {isa = PBXBuildFile; fileRef = 3FE3699F27C9A07E00231D42 /* AppDelegate.swift */; };
		3FE369A227C9A07E00231D42 /* SceneDelegate.swift in Sources */ = {isa = PBXBuildFile; fileRef = 3FE369A127C9A07E00231D42 /* SceneDelegate.swift */; };
		3FE369AC27C9A07F00231D42 /* LaunchScreen.storyboard in Resources */ = {isa = PBXBuildFile; fileRef = 3FE369AA27C9A07F00231D42 /* LaunchScreen.storyboard */; };
		3FE369B727C9A07F00231D42 /* VesselTests.swift in Sources */ = {isa = PBXBuildFile; fileRef = 3FE369B627C9A07F00231D42 /* VesselTests.swift */; };
		3FE369C127C9A07F00231D42 /* VesselUITests.swift in Sources */ = {isa = PBXBuildFile; fileRef = 3FE369C027C9A07F00231D42 /* VesselUITests.swift */; };
		3FE369C327C9A07F00231D42 /* VesselUITestsLaunchTests.swift in Sources */ = {isa = PBXBuildFile; fileRef = 3FE369C227C9A07F00231D42 /* VesselUITestsLaunchTests.swift */; };
		3FE369D127C9A71D00231D42 /* Assets.xcassets in Resources */ = {isa = PBXBuildFile; fileRef = 3FE369D027C9A71D00231D42 /* Assets.xcassets */; };
		3FE369DF27C9A74B00231D42 /* BananaGrotesk-Light.otf in Resources */ = {isa = PBXBuildFile; fileRef = 3FE369D427C9A74B00231D42 /* BananaGrotesk-Light.otf */; };
		3FE369E027C9A74B00231D42 /* BananaGrotesk-Semibold.otf in Resources */ = {isa = PBXBuildFile; fileRef = 3FE369D527C9A74B00231D42 /* BananaGrotesk-Semibold.otf */; };
		3FE369E127C9A74B00231D42 /* BananaGrotesk-Regular.otf in Resources */ = {isa = PBXBuildFile; fileRef = 3FE369D627C9A74B00231D42 /* BananaGrotesk-Regular.otf */; };
		3FE369E227C9A74B00231D42 /* BananaGrotesk-Medium.otf in Resources */ = {isa = PBXBuildFile; fileRef = 3FE369D727C9A74B00231D42 /* BananaGrotesk-Medium.otf */; };
		3FE369E327C9A74B00231D42 /* BananaGrotesk-Extralight.otf in Resources */ = {isa = PBXBuildFile; fileRef = 3FE369D827C9A74B00231D42 /* BananaGrotesk-Extralight.otf */; };
		3FE369E427C9A74B00231D42 /* BananaGrotesk-Bold.otf in Resources */ = {isa = PBXBuildFile; fileRef = 3FE369D927C9A74B00231D42 /* BananaGrotesk-Bold.otf */; };
		3FE369E527C9A74B00231D42 /* BananaGrotesk-Thin.otf in Resources */ = {isa = PBXBuildFile; fileRef = 3FE369DA27C9A74B00231D42 /* BananaGrotesk-Thin.otf */; };
		3FE369E627C9A74B00231D42 /* BananaGrotesk-Extrabold.otf in Resources */ = {isa = PBXBuildFile; fileRef = 3FE369DB27C9A74B00231D42 /* BananaGrotesk-Extrabold.otf */; };
		3FE369E727C9A74B00231D42 /* NoeText.otf in Resources */ = {isa = PBXBuildFile; fileRef = 3FE369DD27C9A74B00231D42 /* NoeText.otf */; };
		3FE369E827C9A74B00231D42 /* NoeText-Book.otf in Resources */ = {isa = PBXBuildFile; fileRef = 3FE369DE27C9A74B00231D42 /* NoeText-Book.otf */; };
		3FE369EF27C9A88A00231D42 /* WelcomeSignInViewController.swift in Sources */ = {isa = PBXBuildFile; fileRef = 3FE369EE27C9A88A00231D42 /* WelcomeSignInViewController.swift */; };
		3FE369F427C9B34A00231D42 /* BounceButton.swift in Sources */ = {isa = PBXBuildFile; fileRef = 3FE369F327C9B34A00231D42 /* BounceButton.swift */; };
		BBA0B68F6BCE15D107E5BC2A /* Pods_Vessel.framework in Frameworks */ = {isa = PBXBuildFile; fileRef = 3F3073DE68B36C49BE4FE4E6 /* Pods_Vessel.framework */; };
/* End PBXBuildFile section */

/* Begin PBXContainerItemProxy section */
		3FE369B327C9A07F00231D42 /* PBXContainerItemProxy */ = {
			isa = PBXContainerItemProxy;
			containerPortal = 3FE3699427C9A07E00231D42 /* Project object */;
			proxyType = 1;
			remoteGlobalIDString = 3FE3699B27C9A07E00231D42;
			remoteInfo = Vessel;
		};
		3FE369BD27C9A07F00231D42 /* PBXContainerItemProxy */ = {
			isa = PBXContainerItemProxy;
			containerPortal = 3FE3699427C9A07E00231D42 /* Project object */;
			proxyType = 1;
			remoteGlobalIDString = 3FE3699B27C9A07E00231D42;
			remoteInfo = Vessel;
		};
/* End PBXContainerItemProxy section */

/* Begin PBXFileReference section */
		19047202DE476CDF8D072DD8 /* Pods-Vessel.release.xcconfig */ = {isa = PBXFileReference; includeInIndex = 1; lastKnownFileType = text.xcconfig; name = "Pods-Vessel.release.xcconfig"; path = "Target Support Files/Pods-Vessel/Pods-Vessel.release.xcconfig"; sourceTree = "<group>"; };
		3F0547AB27C9B8BE006E3098 /* LoginViewController.swift */ = {isa = PBXFileReference; lastKnownFileType = sourcecode.swift; path = LoginViewController.swift; sourceTree = "<group>"; };
		3F0547AE27C9B8EA006E3098 /* UIViewExtensions.swift */ = {isa = PBXFileReference; fileEncoding = 4; lastKnownFileType = sourcecode.swift; path = UIViewExtensions.swift; sourceTree = "<group>"; };
		3F0547B027C9DB8F006E3098 /* DebugViewController.swift */ = {isa = PBXFileReference; lastKnownFileType = sourcecode.swift; path = DebugViewController.swift; sourceTree = "<group>"; };
		3F0547B227C9E421006E3098 /* SignupEmailCheckingViewController.swift */ = {isa = PBXFileReference; lastKnownFileType = sourcecode.swift; path = SignupEmailCheckingViewController.swift; sourceTree = "<group>"; };
		3F0547B427C9E82B006E3098 /* LoadingButton.swift */ = {isa = PBXFileReference; fileEncoding = 4; lastKnownFileType = sourcecode.swift; path = LoadingButton.swift; sourceTree = "<group>"; };
		3F0547B627C9E9D5006E3098 /* VesselTextField.swift */ = {isa = PBXFileReference; fileEncoding = 4; lastKnownFileType = sourcecode.swift; path = VesselTextField.swift; sourceTree = "<group>"; };
		3F0547B827C9EAAB006E3098 /* UITextFieldExtensions.swift */ = {isa = PBXFileReference; fileEncoding = 4; lastKnownFileType = sourcecode.swift; path = UITextFieldExtensions.swift; sourceTree = "<group>"; };
		3F0547BA27C9EB15006E3098 /* UINavigationControllerExtensions.swift */ = {isa = PBXFileReference; lastKnownFileType = sourcecode.swift; path = UINavigationControllerExtensions.swift; sourceTree = "<group>"; };
		3F0547BC27C9F04D006E3098 /* UIViewControllerExtensions.swift */ = {isa = PBXFileReference; lastKnownFileType = sourcecode.swift; path = UIViewControllerExtensions.swift; sourceTree = "<group>"; };
		3F0547BE27C9F105006E3098 /* AppConstants.swift */ = {isa = PBXFileReference; lastKnownFileType = sourcecode.swift; path = AppConstants.swift; sourceTree = "<group>"; };
		3F0547C027CA8DD1006E3098 /* ForgotPasswordViewController.swift */ = {isa = PBXFileReference; lastKnownFileType = sourcecode.swift; path = ForgotPasswordViewController.swift; sourceTree = "<group>"; };
		3F0547C227CA94F1006E3098 /* StringExtensions.swift */ = {isa = PBXFileReference; lastKnownFileType = sourcecode.swift; path = StringExtensions.swift; sourceTree = "<group>"; };
		3F0547C827CA9FF1006E3098 /* Server.swift */ = {isa = PBXFileReference; fileEncoding = 4; lastKnownFileType = sourcecode.swift; path = Server.swift; sourceTree = "<group>"; };
		3F0547CA27CAC72D006E3098 /* SocialAuthViewController.swift */ = {isa = PBXFileReference; fileEncoding = 4; lastKnownFileType = sourcecode.swift; path = SocialAuthViewController.swift; sourceTree = "<group>"; };
		3F0547CC27CACF08006E3098 /* WKWebviewExtension.swift */ = {isa = PBXFileReference; fileEncoding = 4; lastKnownFileType = sourcecode.swift; path = WKWebviewExtension.swift; sourceTree = "<group>"; };
		3F0547CF27CAEE3B006E3098 /* Contact.swift */ = {isa = PBXFileReference; fileEncoding = 4; lastKnownFileType = sourcecode.swift; path = Contact.swift; sourceTree = "<group>"; };
		3F0547D127CAFD19006E3098 /* TestCardExistCheckingViewController.swift */ = {isa = PBXFileReference; fileEncoding = 4; lastKnownFileType = sourcecode.swift; path = TestCardExistCheckingViewController.swift; sourceTree = "<group>"; };
		3F0547D327CAFE57006E3098 /* UIColorExtensions.swift */ = {isa = PBXFileReference; fileEncoding = 4; lastKnownFileType = sourcecode.swift; path = UIColorExtensions.swift; sourceTree = "<group>"; };
		3F0547D527CAFF91006E3098 /* GiftedCardOnboardViewController.swift */ = {isa = PBXFileReference; fileEncoding = 4; lastKnownFileType = sourcecode.swift; path = GiftedCardOnboardViewController.swift; sourceTree = "<group>"; };
		3F0547D727CB00FA006E3098 /* BoughtCardLoginViewController.swift */ = {isa = PBXFileReference; fileEncoding = 4; lastKnownFileType = sourcecode.swift; path = BoughtCardLoginViewController.swift; sourceTree = "<group>"; };
		3F0547D827CB00FA006E3098 /* NoTestCardOnboardViewController.swift */ = {isa = PBXFileReference; fileEncoding = 4; lastKnownFileType = sourcecode.swift; path = NoTestCardOnboardViewController.swift; sourceTree = "<group>"; };
		3F0547DB27CB0455006E3098 /* GiftedCardRegisterViewController.swift */ = {isa = PBXFileReference; fileEncoding = 4; lastKnownFileType = sourcecode.swift; path = GiftedCardRegisterViewController.swift; sourceTree = "<group>"; };
		3F12F006287A6B4800FCC52E /* DateExtensions.swift */ = {isa = PBXFileReference; lastKnownFileType = sourcecode.swift; path = DateExtensions.swift; sourceTree = "<group>"; };
		3F12F00A287A736600FCC52E /* Allergy.swift */ = {isa = PBXFileReference; lastKnownFileType = sourcecode.swift; path = Allergy.swift; sourceTree = "<group>"; };
		3F12F00C287B3C6900FCC52E /* TermsViewController.swift */ = {isa = PBXFileReference; fileEncoding = 4; lastKnownFileType = sourcecode.swift; path = TermsViewController.swift; sourceTree = "<group>"; };
		3F12F00E287B43AB00FCC52E /* UIScrollViewExtension.swift */ = {isa = PBXFileReference; lastKnownFileType = sourcecode.swift; path = UIScrollViewExtension.swift; sourceTree = "<group>"; };
		3F12F010287B4C0600FCC52E /* Goal.swift */ = {isa = PBXFileReference; lastKnownFileType = sourcecode.swift; path = Goal.swift; sourceTree = "<group>"; };
		3F12F012287B4DCD00FCC52E /* ItemPreferencesViewController.swift */ = {isa = PBXFileReference; fileEncoding = 4; lastKnownFileType = sourcecode.swift; path = ItemPreferencesViewController.swift; sourceTree = "<group>"; };
		3F12F014287B7A8200FCC52E /* CheckmarkImageCollectionViewCell.swift */ = {isa = PBXFileReference; fileEncoding = 4; lastKnownFileType = sourcecode.swift; path = CheckmarkImageCollectionViewCell.swift; sourceTree = "<group>"; };
		3F12F015287B7A8200FCC52E /* CheckmarkImageCollectionViewCell.xib */ = {isa = PBXFileReference; fileEncoding = 4; lastKnownFileType = file.xib; path = CheckmarkImageCollectionViewCell.xib; sourceTree = "<group>"; };
		3F12F018287B896A00FCC52E /* OnboardingFinalViewController.swift */ = {isa = PBXFileReference; lastKnownFileType = sourcecode.swift; path = OnboardingFinalViewController.swift; sourceTree = "<group>"; };
		3F12F01D287C90BC00FCC52E /* MainViewController.swift */ = {isa = PBXFileReference; lastKnownFileType = sourcecode.swift; path = MainViewController.swift; sourceTree = "<group>"; };
		3F12F044287DCC6900FCC52E /* TakeTest.storyboard */ = {isa = PBXFileReference; fileEncoding = 4; lastKnownFileType = file.storyboard; path = TakeTest.storyboard; sourceTree = "<group>"; };
		3F12F046287DCDFF00FCC52E /* SuccessfulTestTipsViewController.swift */ = {isa = PBXFileReference; lastKnownFileType = sourcecode.swift; path = SuccessfulTestTipsViewController.swift; sourceTree = "<group>"; };
		3F12F048287DCE1400FCC52E /* PeeTipViewController.swift */ = {isa = PBXFileReference; lastKnownFileType = sourcecode.swift; path = PeeTipViewController.swift; sourceTree = "<group>"; };
		3F12F04A287DCE2200FCC52E /* CupTipViewController.swift */ = {isa = PBXFileReference; lastKnownFileType = sourcecode.swift; path = CupTipViewController.swift; sourceTree = "<group>"; };
		3F12F04C287DD61400FCC52E /* IconCheckmarkView.swift */ = {isa = PBXFileReference; fileEncoding = 4; lastKnownFileType = sourcecode.swift; path = IconCheckmarkView.swift; sourceTree = "<group>"; };
		3F12F04D287DD61400FCC52E /* IconCheckmarkView.xib */ = {isa = PBXFileReference; fileEncoding = 4; lastKnownFileType = file.xib; path = IconCheckmarkView.xib; sourceTree = "<group>"; };
		3F12F050287E1CDE00FCC52E /* NibLoadingView.swift */ = {isa = PBXFileReference; lastKnownFileType = sourcecode.swift; path = NibLoadingView.swift; sourceTree = "<group>"; };
		3F12F052287E283800FCC52E /* TestAfterWakingUpViewController.swift */ = {isa = PBXFileReference; lastKnownFileType = sourcecode.swift; path = TestAfterWakingUpViewController.swift; sourceTree = "<group>"; };
		3F12F055287E28EB00FCC52E /* Main.storyboard */ = {isa = PBXFileReference; fileEncoding = 4; lastKnownFileType = file.storyboard; path = Main.storyboard; sourceTree = "<group>"; };
		3F12F057287E532200FCC52E /* KeyboardFriendlyViewController.swift */ = {isa = PBXFileReference; lastKnownFileType = sourcecode.swift; path = KeyboardFriendlyViewController.swift; sourceTree = "<group>"; };
		3F13A7912877BEA200C74FB9 /* Diet.swift */ = {isa = PBXFileReference; lastKnownFileType = sourcecode.swift; path = Diet.swift; sourceTree = "<group>"; };
		3F13A7952877CB2D00C74FB9 /* CheckmarkCollectionViewCell.swift */ = {isa = PBXFileReference; fileEncoding = 4; lastKnownFileType = sourcecode.swift; path = CheckmarkCollectionViewCell.swift; sourceTree = "<group>"; };
		3F13A7962877CB2D00C74FB9 /* CheckmarkCollectionViewCell.xib */ = {isa = PBXFileReference; fileEncoding = 4; lastKnownFileType = file.xib; path = CheckmarkCollectionViewCell.xib; sourceTree = "<group>"; };
		3F3073DE68B36C49BE4FE4E6 /* Pods_Vessel.framework */ = {isa = PBXFileReference; explicitFileType = wrapper.framework; includeInIndex = 0; path = Pods_Vessel.framework; sourceTree = BUILT_PRODUCTS_DIR; };
		3F3E113727F77CE00089BA6A /* OnboardingWelcomeViewController.swift */ = {isa = PBXFileReference; lastKnownFileType = sourcecode.swift; path = OnboardingWelcomeViewController.swift; sourceTree = "<group>"; };
		3F4C59472877CE6B0088F03A /* UICollectionViewExtension.swift */ = {isa = PBXFileReference; fileEncoding = 4; lastKnownFileType = sourcecode.swift; path = UICollectionViewExtension.swift; sourceTree = "<group>"; };
		3F4C59492877CEC10088F03A /* NSObjectExtension.swift */ = {isa = PBXFileReference; fileEncoding = 4; lastKnownFileType = sourcecode.swift; path = NSObjectExtension.swift; sourceTree = "<group>"; };
		3F87B95C27D27A6B00D589F7 /* ObjectStore.swift */ = {isa = PBXFileReference; lastKnownFileType = sourcecode.swift; path = ObjectStore.swift; sourceTree = "<group>"; };
		3F87B95E27D2C41C00D589F7 /* Storage.swift */ = {isa = PBXFileReference; lastKnownFileType = sourcecode.swift; path = Storage.swift; sourceTree = "<group>"; };
		3F87B96627D4209F00D589F7 /* Encodable.swift */ = {isa = PBXFileReference; lastKnownFileType = sourcecode.swift; path = Encodable.swift; sourceTree = "<group>"; };
		3F87B96927D429E000D589F7 /* OnboardingViewModel.swift */ = {isa = PBXFileReference; fileEncoding = 4; lastKnownFileType = sourcecode.swift; path = OnboardingViewModel.swift; sourceTree = "<group>"; };
		3F87B96A27D429E000D589F7 /* Onboarding.storyboard */ = {isa = PBXFileReference; fileEncoding = 4; lastKnownFileType = file.storyboard; path = Onboarding.storyboard; sourceTree = "<group>"; };
		3F87B96B27D429E000D589F7 /* GenderSelectViewController.swift */ = {isa = PBXFileReference; fileEncoding = 4; lastKnownFileType = sourcecode.swift; path = GenderSelectViewController.swift; sourceTree = "<group>"; };
		3F87B96F27D42BEB00D589F7 /* HeightWeightSelectViewController.swift */ = {isa = PBXFileReference; lastKnownFileType = sourcecode.swift; path = HeightWeightSelectViewController.swift; sourceTree = "<group>"; };
		3F87B97127D44F4A00D589F7 /* LastViewController.swift */ = {isa = PBXFileReference; lastKnownFileType = sourcecode.swift; path = LastViewController.swift; sourceTree = "<group>"; };
		3F87B97527D52D3500D589F7 /* BirthdaySelectViewController.swift */ = {isa = PBXFileReference; lastKnownFileType = sourcecode.swift; path = BirthdaySelectViewController.swift; sourceTree = "<group>"; };
		3F87B97727D5301800D589F7 /* SelectionCheckmarkView.swift */ = {isa = PBXFileReference; lastKnownFileType = sourcecode.swift; path = SelectionCheckmarkView.swift; sourceTree = "<group>"; };
		3F87B97B27D532C200D589F7 /* SelectionCheckmarkView.xib */ = {isa = PBXFileReference; lastKnownFileType = file.xib; path = SelectionCheckmarkView.xib; sourceTree = "<group>"; };
		3F87B97D27D5338D00D589F7 /* NibRegistry.swift */ = {isa = PBXFileReference; lastKnownFileType = sourcecode.swift; path = NibRegistry.swift; sourceTree = "<group>"; };
		3F96181F27D56DE100CB37B6 /* GoogleService-Info.plist */ = {isa = PBXFileReference; fileEncoding = 4; lastKnownFileType = text.plist.xml; path = "GoogleService-Info.plist"; sourceTree = "<group>"; };
		3F96182527F35B1100CB37B6 /* VesselSegmentedControl.swift */ = {isa = PBXFileReference; lastKnownFileType = sourcecode.swift; path = VesselSegmentedControl.swift; sourceTree = "<group>"; };
		3FA66836287F4CAC0006166D /* CaptureIntroViewController.swift */ = {isa = PBXFileReference; lastKnownFileType = sourcecode.swift; path = CaptureIntroViewController.swift; sourceTree = "<group>"; };
		3FA66839287F54DF0006166D /* test_card_tutorial.mp4 */ = {isa = PBXFileReference; lastKnownFileType = file; path = test_card_tutorial.mp4; sourceTree = "<group>"; };
		3FA6683B287F64960006166D /* TipInstuctionsViewController.swift */ = {isa = PBXFileReference; fileEncoding = 4; lastKnownFileType = sourcecode.swift; path = TipInstuctionsViewController.swift; sourceTree = "<group>"; };
		3FA6683D287F69830006166D /* TakeTestViewModel.swift */ = {isa = PBXFileReference; lastKnownFileType = sourcecode.swift; path = TakeTestViewModel.swift; sourceTree = "<group>"; };
		3FA6683F287F74DD0006166D /* TakeTestMVVMViewController.swift */ = {isa = PBXFileReference; lastKnownFileType = sourcecode.swift; path = TakeTestMVVMViewController.swift; sourceTree = "<group>"; };
		3FE3699C27C9A07E00231D42 /* Vessel.app */ = {isa = PBXFileReference; explicitFileType = wrapper.application; includeInIndex = 0; path = Vessel.app; sourceTree = BUILT_PRODUCTS_DIR; };
		3FE3699F27C9A07E00231D42 /* AppDelegate.swift */ = {isa = PBXFileReference; lastKnownFileType = sourcecode.swift; path = AppDelegate.swift; sourceTree = "<group>"; };
		3FE369A127C9A07E00231D42 /* SceneDelegate.swift */ = {isa = PBXFileReference; lastKnownFileType = sourcecode.swift; path = SceneDelegate.swift; sourceTree = "<group>"; };
		3FE369AB27C9A07F00231D42 /* Base */ = {isa = PBXFileReference; lastKnownFileType = file.storyboard; name = Base; path = Base.lproj/LaunchScreen.storyboard; sourceTree = "<group>"; };
		3FE369AD27C9A07F00231D42 /* Info.plist */ = {isa = PBXFileReference; lastKnownFileType = text.plist.xml; path = Info.plist; sourceTree = "<group>"; };
		3FE369B227C9A07F00231D42 /* VesselTests.xctest */ = {isa = PBXFileReference; explicitFileType = wrapper.cfbundle; includeInIndex = 0; path = VesselTests.xctest; sourceTree = BUILT_PRODUCTS_DIR; };
		3FE369B627C9A07F00231D42 /* VesselTests.swift */ = {isa = PBXFileReference; lastKnownFileType = sourcecode.swift; path = VesselTests.swift; sourceTree = "<group>"; };
		3FE369BC27C9A07F00231D42 /* VesselUITests.xctest */ = {isa = PBXFileReference; explicitFileType = wrapper.cfbundle; includeInIndex = 0; path = VesselUITests.xctest; sourceTree = BUILT_PRODUCTS_DIR; };
		3FE369C027C9A07F00231D42 /* VesselUITests.swift */ = {isa = PBXFileReference; lastKnownFileType = sourcecode.swift; path = VesselUITests.swift; sourceTree = "<group>"; };
		3FE369C227C9A07F00231D42 /* VesselUITestsLaunchTests.swift */ = {isa = PBXFileReference; lastKnownFileType = sourcecode.swift; path = VesselUITestsLaunchTests.swift; sourceTree = "<group>"; };
		3FE369D027C9A71D00231D42 /* Assets.xcassets */ = {isa = PBXFileReference; lastKnownFileType = folder.assetcatalog; path = Assets.xcassets; sourceTree = "<group>"; };
		3FE369D427C9A74B00231D42 /* BananaGrotesk-Light.otf */ = {isa = PBXFileReference; lastKnownFileType = file; path = "BananaGrotesk-Light.otf"; sourceTree = "<group>"; };
		3FE369D527C9A74B00231D42 /* BananaGrotesk-Semibold.otf */ = {isa = PBXFileReference; lastKnownFileType = file; path = "BananaGrotesk-Semibold.otf"; sourceTree = "<group>"; };
		3FE369D627C9A74B00231D42 /* BananaGrotesk-Regular.otf */ = {isa = PBXFileReference; lastKnownFileType = file; path = "BananaGrotesk-Regular.otf"; sourceTree = "<group>"; };
		3FE369D727C9A74B00231D42 /* BananaGrotesk-Medium.otf */ = {isa = PBXFileReference; lastKnownFileType = file; path = "BananaGrotesk-Medium.otf"; sourceTree = "<group>"; };
		3FE369D827C9A74B00231D42 /* BananaGrotesk-Extralight.otf */ = {isa = PBXFileReference; lastKnownFileType = file; path = "BananaGrotesk-Extralight.otf"; sourceTree = "<group>"; };
		3FE369D927C9A74B00231D42 /* BananaGrotesk-Bold.otf */ = {isa = PBXFileReference; lastKnownFileType = file; path = "BananaGrotesk-Bold.otf"; sourceTree = "<group>"; };
		3FE369DA27C9A74B00231D42 /* BananaGrotesk-Thin.otf */ = {isa = PBXFileReference; lastKnownFileType = file; path = "BananaGrotesk-Thin.otf"; sourceTree = "<group>"; };
		3FE369DB27C9A74B00231D42 /* BananaGrotesk-Extrabold.otf */ = {isa = PBXFileReference; lastKnownFileType = file; path = "BananaGrotesk-Extrabold.otf"; sourceTree = "<group>"; };
		3FE369DD27C9A74B00231D42 /* NoeText.otf */ = {isa = PBXFileReference; lastKnownFileType = file; path = NoeText.otf; sourceTree = "<group>"; };
		3FE369DE27C9A74B00231D42 /* NoeText-Book.otf */ = {isa = PBXFileReference; lastKnownFileType = file; path = "NoeText-Book.otf"; sourceTree = "<group>"; };
		3FE369EC27C9A82A00231D42 /* Login.storyboard */ = {isa = PBXFileReference; fileEncoding = 4; lastKnownFileType = file.storyboard; path = Login.storyboard; sourceTree = "<group>"; };
		3FE369EE27C9A88A00231D42 /* WelcomeSignInViewController.swift */ = {isa = PBXFileReference; lastKnownFileType = sourcecode.swift; path = WelcomeSignInViewController.swift; sourceTree = "<group>"; };
		3FE369F327C9B34A00231D42 /* BounceButton.swift */ = {isa = PBXFileReference; fileEncoding = 4; lastKnownFileType = sourcecode.swift; path = BounceButton.swift; sourceTree = "<group>"; };
		3FE369F527C9B39100231D42 /* VesselButton.swift */ = {isa = PBXFileReference; fileEncoding = 4; lastKnownFileType = sourcecode.swift; path = VesselButton.swift; sourceTree = "<group>"; };
		A908E6F627578F12D75215FF /* Pods-Vessel.debug.xcconfig */ = {isa = PBXFileReference; includeInIndex = 1; lastKnownFileType = text.xcconfig; name = "Pods-Vessel.debug.xcconfig"; path = "Target Support Files/Pods-Vessel/Pods-Vessel.debug.xcconfig"; sourceTree = "<group>"; };
/* End PBXFileReference section */

/* Begin PBXFrameworksBuildPhase section */
		3FE3699927C9A07E00231D42 /* Frameworks */ = {
			isa = PBXFrameworksBuildPhase;
			buildActionMask = 2147483647;
			files = (
				BBA0B68F6BCE15D107E5BC2A /* Pods_Vessel.framework in Frameworks */,
			);
			runOnlyForDeploymentPostprocessing = 0;
		};
		3FE369AF27C9A07F00231D42 /* Frameworks */ = {
			isa = PBXFrameworksBuildPhase;
			buildActionMask = 2147483647;
			files = (
			);
			runOnlyForDeploymentPostprocessing = 0;
		};
		3FE369B927C9A07F00231D42 /* Frameworks */ = {
			isa = PBXFrameworksBuildPhase;
			buildActionMask = 2147483647;
			files = (
			);
			runOnlyForDeploymentPostprocessing = 0;
		};
/* End PBXFrameworksBuildPhase section */

/* Begin PBXGroup section */
		1D1D0AA9538B83DEFFA1EFB9 /* Pods */ = {
			isa = PBXGroup;
			children = (
				A908E6F627578F12D75215FF /* Pods-Vessel.debug.xcconfig */,
				19047202DE476CDF8D072DD8 /* Pods-Vessel.release.xcconfig */,
			);
			path = Pods;
			sourceTree = "<group>";
		};
		3F0547AD27C9B8EA006E3098 /* Extensions */ = {
			isa = PBXGroup;
			children = (
				3F12F006287A6B4800FCC52E /* DateExtensions.swift */,
				3F87B96627D4209F00D589F7 /* Encodable.swift */,
				3F87B97D27D5338D00D589F7 /* NibRegistry.swift */,
				3F4C59492877CEC10088F03A /* NSObjectExtension.swift */,
				3F0547C227CA94F1006E3098 /* StringExtensions.swift */,
				3F4C59472877CE6B0088F03A /* UICollectionViewExtension.swift */,
				3F0547D327CAFE57006E3098 /* UIColorExtensions.swift */,
				3F0547BA27C9EB15006E3098 /* UINavigationControllerExtensions.swift */,
				3F12F00E287B43AB00FCC52E /* UIScrollViewExtension.swift */,
				3F0547B827C9EAAB006E3098 /* UITextFieldExtensions.swift */,
				3F0547BC27C9F04D006E3098 /* UIViewControllerExtensions.swift */,
				3F0547AE27C9B8EA006E3098 /* UIViewExtensions.swift */,
				3F0547CC27CACF08006E3098 /* WKWebviewExtension.swift */,
			);
			path = Extensions;
			sourceTree = "<group>";
		};
		3F0547C727CA9FF1006E3098 /* Server */ = {
			isa = PBXGroup;
			children = (
				3F0547C827CA9FF1006E3098 /* Server.swift */,
			);
			path = Server;
			sourceTree = "<group>";
		};
		3F0547CE27CAEE3B006E3098 /* Core Objects */ = {
			isa = PBXGroup;
			children = (
				3F12F00A287A736600FCC52E /* Allergy.swift */,
				3F0547CF27CAEE3B006E3098 /* Contact.swift */,
				3F13A7912877BEA200C74FB9 /* Diet.swift */,
				3F12F010287B4C0600FCC52E /* Goal.swift */,
				3F87B95C27D27A6B00D589F7 /* ObjectStore.swift */,
				3F87B95E27D2C41C00D589F7 /* Storage.swift */,
			);
			path = "Core Objects";
			sourceTree = "<group>";
		};
		3F12F043287DCC6900FCC52E /* TakeTest */ = {
			isa = PBXGroup;
			children = (
				3FA66836287F4CAC0006166D /* CaptureIntroViewController.swift */,
				3FA6683F287F74DD0006166D /* TakeTestMVVMViewController.swift */,
				3F12F04A287DCE2200FCC52E /* CupTipViewController.swift */,
				3F12F048287DCE1400FCC52E /* PeeTipViewController.swift */,
				3F12F046287DCDFF00FCC52E /* SuccessfulTestTipsViewController.swift */,
				3F12F044287DCC6900FCC52E /* TakeTest.storyboard */,
				3FA6683D287F69830006166D /* TakeTestViewModel.swift */,
				3FA6683B287F64960006166D /* TipInstuctionsViewController.swift */,
			);
			path = TakeTest;
			sourceTree = "<group>";
		};
		3F12F054287E28AA00FCC52E /* Main */ = {
			isa = PBXGroup;
			children = (
				3F12F055287E28EB00FCC52E /* Main.storyboard */,
				3F12F01D287C90BC00FCC52E /* MainViewController.swift */,
				3F12F052287E283800FCC52E /* TestAfterWakingUpViewController.swift */,
			);
			path = Main;
			sourceTree = "<group>";
		};
		3F87B96827D429E000D589F7 /* Onboarding */ = {
			isa = PBXGroup;
			children = (
				3F87B97527D52D3500D589F7 /* BirthdaySelectViewController.swift */,
				3F13A7952877CB2D00C74FB9 /* CheckmarkCollectionViewCell.swift */,
				3F13A7962877CB2D00C74FB9 /* CheckmarkCollectionViewCell.xib */,
				3F12F014287B7A8200FCC52E /* CheckmarkImageCollectionViewCell.swift */,
				3F12F015287B7A8200FCC52E /* CheckmarkImageCollectionViewCell.xib */,
				3F87B96B27D429E000D589F7 /* GenderSelectViewController.swift */,
				3F87B96F27D42BEB00D589F7 /* HeightWeightSelectViewController.swift */,
				3F12F012287B4DCD00FCC52E /* ItemPreferencesViewController.swift */,
				3F87B97127D44F4A00D589F7 /* LastViewController.swift */,
				3F12F018287B896A00FCC52E /* OnboardingFinalViewController.swift */,
				3F87B96927D429E000D589F7 /* OnboardingViewModel.swift */,
				3F87B96A27D429E000D589F7 /* Onboarding.storyboard */,
				3F3E113727F77CE00089BA6A /* OnboardingWelcomeViewController.swift */,
				3F12F00C287B3C6900FCC52E /* TermsViewController.swift */,
			);
			path = Onboarding;
			sourceTree = "<group>";
		};
		3F96181E27D56DE100CB37B6 /* Config */ = {
			isa = PBXGroup;
			children = (
				3F96181F27D56DE100CB37B6 /* GoogleService-Info.plist */,
			);
			path = Config;
			sourceTree = "<group>";
		};
		3FA66838287F54DF0006166D /* Media */ = {
			isa = PBXGroup;
			children = (
				3FA66839287F54DF0006166D /* test_card_tutorial.mp4 */,
			);
			path = Media;
			sourceTree = "<group>";
		};
		3FE3699327C9A07E00231D42 = {
			isa = PBXGroup;
			children = (
				3FE3699E27C9A07E00231D42 /* Vessel */,
				3FE369B527C9A07F00231D42 /* VesselTests */,
				3FE369BF27C9A07F00231D42 /* VesselUITests */,
				3FE3699D27C9A07E00231D42 /* Products */,
				1D1D0AA9538B83DEFFA1EFB9 /* Pods */,
				A7C6600644E9FB5D5E5D0471 /* Frameworks */,
			);
			sourceTree = "<group>";
		};
		3FE3699D27C9A07E00231D42 /* Products */ = {
			isa = PBXGroup;
			children = (
				3FE3699C27C9A07E00231D42 /* Vessel.app */,
				3FE369B227C9A07F00231D42 /* VesselTests.xctest */,
				3FE369BC27C9A07F00231D42 /* VesselUITests.xctest */,
			);
			name = Products;
			sourceTree = "<group>";
		};
		3FE3699E27C9A07E00231D42 /* Vessel */ = {
			isa = PBXGroup;
			children = (
				3FE3699F27C9A07E00231D42 /* AppDelegate.swift */,
				3F0547BE27C9F105006E3098 /* AppConstants.swift */,
				3FE369CF27C9A71D00231D42 /* Assets */,
				3FE369F227C9B34A00231D42 /* Components */,
				3F0547CE27CAEE3B006E3098 /* Core Objects */,
				3F0547AD27C9B8EA006E3098 /* Extensions */,
				3FE369AA27C9A07F00231D42 /* LaunchScreen.storyboard */,
				3FE369EB27C9A82A00231D42 /* Login */,
				3F12F054287E28AA00FCC52E /* Main */,
				3F87B96827D429E000D589F7 /* Onboarding */,
				3FE369A127C9A07E00231D42 /* SceneDelegate.swift */,
				3F0547C727CA9FF1006E3098 /* Server */,
				3F12F043287DCC6900FCC52E /* TakeTest */,
				3FE369AD27C9A07F00231D42 /* Info.plist */,
			);
			path = Vessel;
			sourceTree = "<group>";
		};
		3FE369B527C9A07F00231D42 /* VesselTests */ = {
			isa = PBXGroup;
			children = (
				3FE369B627C9A07F00231D42 /* VesselTests.swift */,
			);
			path = VesselTests;
			sourceTree = "<group>";
		};
		3FE369BF27C9A07F00231D42 /* VesselUITests */ = {
			isa = PBXGroup;
			children = (
				3FE369C027C9A07F00231D42 /* VesselUITests.swift */,
				3FE369C227C9A07F00231D42 /* VesselUITestsLaunchTests.swift */,
			);
			path = VesselUITests;
			sourceTree = "<group>";
		};
		3FE369CF27C9A71D00231D42 /* Assets */ = {
			isa = PBXGroup;
			children = (
				3FE369D027C9A71D00231D42 /* Assets.xcassets */,
				3F96181E27D56DE100CB37B6 /* Config */,
				3FE369D227C9A74B00231D42 /* Fonts */,
				3FA66838287F54DF0006166D /* Media */,
			);
			path = Assets;
			sourceTree = "<group>";
		};
		3FE369D227C9A74B00231D42 /* Fonts */ = {
			isa = PBXGroup;
			children = (
				3FE369D327C9A74B00231D42 /* Banana_Grotesk */,
				3FE369DC27C9A74B00231D42 /* NoeText */,
			);
			path = Fonts;
			sourceTree = "<group>";
		};
		3FE369D327C9A74B00231D42 /* Banana_Grotesk */ = {
			isa = PBXGroup;
			children = (
				3FE369D427C9A74B00231D42 /* BananaGrotesk-Light.otf */,
				3FE369D527C9A74B00231D42 /* BananaGrotesk-Semibold.otf */,
				3FE369D627C9A74B00231D42 /* BananaGrotesk-Regular.otf */,
				3FE369D727C9A74B00231D42 /* BananaGrotesk-Medium.otf */,
				3FE369D827C9A74B00231D42 /* BananaGrotesk-Extralight.otf */,
				3FE369D927C9A74B00231D42 /* BananaGrotesk-Bold.otf */,
				3FE369DA27C9A74B00231D42 /* BananaGrotesk-Thin.otf */,
				3FE369DB27C9A74B00231D42 /* BananaGrotesk-Extrabold.otf */,
			);
			path = Banana_Grotesk;
			sourceTree = "<group>";
		};
		3FE369DC27C9A74B00231D42 /* NoeText */ = {
			isa = PBXGroup;
			children = (
				3FE369DD27C9A74B00231D42 /* NoeText.otf */,
				3FE369DE27C9A74B00231D42 /* NoeText-Book.otf */,
			);
			path = NoeText;
			sourceTree = "<group>";
		};
		3FE369EB27C9A82A00231D42 /* Login */ = {
			isa = PBXGroup;
			children = (
				3F0547D727CB00FA006E3098 /* BoughtCardLoginViewController.swift */,
				3F0547B027C9DB8F006E3098 /* DebugViewController.swift */,
				3F0547C027CA8DD1006E3098 /* ForgotPasswordViewController.swift */,
				3F0547D527CAFF91006E3098 /* GiftedCardOnboardViewController.swift */,
				3F0547DB27CB0455006E3098 /* GiftedCardRegisterViewController.swift */,
				3FE369EC27C9A82A00231D42 /* Login.storyboard */,
				3F0547AB27C9B8BE006E3098 /* LoginViewController.swift */,
				3F0547D827CB00FA006E3098 /* NoTestCardOnboardViewController.swift */,
				3F0547B227C9E421006E3098 /* SignupEmailCheckingViewController.swift */,
				3F0547CA27CAC72D006E3098 /* SocialAuthViewController.swift */,
				3F0547D127CAFD19006E3098 /* TestCardExistCheckingViewController.swift */,
				3FE369EE27C9A88A00231D42 /* WelcomeSignInViewController.swift */,
			);
			path = Login;
			sourceTree = "<group>";
		};
		3FE369F227C9B34A00231D42 /* Components */ = {
			isa = PBXGroup;
			children = (
				3FE369F327C9B34A00231D42 /* BounceButton.swift */,
				3F12F04C287DD61400FCC52E /* IconCheckmarkView.swift */,
				3F12F050287E1CDE00FCC52E /* NibLoadingView.swift */,
				3F12F04D287DD61400FCC52E /* IconCheckmarkView.xib */,
				3F12F057287E532200FCC52E /* KeyboardFriendlyViewController.swift */,
				3F0547B427C9E82B006E3098 /* LoadingButton.swift */,
				3F87B97727D5301800D589F7 /* SelectionCheckmarkView.swift */,
				3F87B97B27D532C200D589F7 /* SelectionCheckmarkView.xib */,
				3FE369F527C9B39100231D42 /* VesselButton.swift */,
				3F96182527F35B1100CB37B6 /* VesselSegmentedControl.swift */,
				3F0547B627C9E9D5006E3098 /* VesselTextField.swift */,
			);
			path = Components;
			sourceTree = "<group>";
		};
		A7C6600644E9FB5D5E5D0471 /* Frameworks */ = {
			isa = PBXGroup;
			children = (
				3F3073DE68B36C49BE4FE4E6 /* Pods_Vessel.framework */,
			);
			name = Frameworks;
			sourceTree = "<group>";
		};
/* End PBXGroup section */

/* Begin PBXNativeTarget section */
		3FE3699B27C9A07E00231D42 /* Vessel */ = {
			isa = PBXNativeTarget;
			buildConfigurationList = 3FE369C627C9A07F00231D42 /* Build configuration list for PBXNativeTarget "Vessel" */;
			buildPhases = (
				D9CB45A9CA746992318192CC /* [CP] Check Pods Manifest.lock */,
				3FE3699827C9A07E00231D42 /* Sources */,
				3FE3699927C9A07E00231D42 /* Frameworks */,
				3FE3699A27C9A07E00231D42 /* Resources */,
				9A12A64D682B5E96466F0488 /* [CP] Embed Pods Frameworks */,
			);
			buildRules = (
			);
			dependencies = (
			);
			name = Vessel;
			productName = Vessel;
			productReference = 3FE3699C27C9A07E00231D42 /* Vessel.app */;
			productType = "com.apple.product-type.application";
		};
		3FE369B127C9A07F00231D42 /* VesselTests */ = {
			isa = PBXNativeTarget;
			buildConfigurationList = 3FE369C927C9A07F00231D42 /* Build configuration list for PBXNativeTarget "VesselTests" */;
			buildPhases = (
				3FE369AE27C9A07F00231D42 /* Sources */,
				3FE369AF27C9A07F00231D42 /* Frameworks */,
				3FE369B027C9A07F00231D42 /* Resources */,
			);
			buildRules = (
			);
			dependencies = (
				3FE369B427C9A07F00231D42 /* PBXTargetDependency */,
			);
			name = VesselTests;
			productName = VesselTests;
			productReference = 3FE369B227C9A07F00231D42 /* VesselTests.xctest */;
			productType = "com.apple.product-type.bundle.unit-test";
		};
		3FE369BB27C9A07F00231D42 /* VesselUITests */ = {
			isa = PBXNativeTarget;
			buildConfigurationList = 3FE369CC27C9A07F00231D42 /* Build configuration list for PBXNativeTarget "VesselUITests" */;
			buildPhases = (
				3FE369B827C9A07F00231D42 /* Sources */,
				3FE369B927C9A07F00231D42 /* Frameworks */,
				3FE369BA27C9A07F00231D42 /* Resources */,
			);
			buildRules = (
			);
			dependencies = (
				3FE369BE27C9A07F00231D42 /* PBXTargetDependency */,
			);
			name = VesselUITests;
			productName = VesselUITests;
			productReference = 3FE369BC27C9A07F00231D42 /* VesselUITests.xctest */;
			productType = "com.apple.product-type.bundle.ui-testing";
		};
/* End PBXNativeTarget section */

/* Begin PBXProject section */
		3FE3699427C9A07E00231D42 /* Project object */ = {
			isa = PBXProject;
			attributes = {
				BuildIndependentTargetsInParallel = 1;
				LastSwiftUpdateCheck = 1320;
				LastUpgradeCheck = 1320;
				TargetAttributes = {
					3FE3699B27C9A07E00231D42 = {
						CreatedOnToolsVersion = 13.2.1;
					};
					3FE369B127C9A07F00231D42 = {
						CreatedOnToolsVersion = 13.2.1;
						TestTargetID = 3FE3699B27C9A07E00231D42;
					};
					3FE369BB27C9A07F00231D42 = {
						CreatedOnToolsVersion = 13.2.1;
						TestTargetID = 3FE3699B27C9A07E00231D42;
					};
				};
			};
			buildConfigurationList = 3FE3699727C9A07E00231D42 /* Build configuration list for PBXProject "Vessel" */;
			compatibilityVersion = "Xcode 13.0";
			developmentRegion = en;
			hasScannedForEncodings = 0;
			knownRegions = (
				en,
				Base,
			);
			mainGroup = 3FE3699327C9A07E00231D42;
			productRefGroup = 3FE3699D27C9A07E00231D42 /* Products */;
			projectDirPath = "";
			projectRoot = "";
			targets = (
				3FE3699B27C9A07E00231D42 /* Vessel */,
				3FE369B127C9A07F00231D42 /* VesselTests */,
				3FE369BB27C9A07F00231D42 /* VesselUITests */,
			);
		};
/* End PBXProject section */

/* Begin PBXResourcesBuildPhase section */
		3FE3699A27C9A07E00231D42 /* Resources */ = {
			isa = PBXResourcesBuildPhase;
			buildActionMask = 2147483647;
			files = (
				3F12F056287E28EB00FCC52E /* Main.storyboard in Resources */,
				3FE369AC27C9A07F00231D42 /* LaunchScreen.storyboard in Resources */,
				3F12F040287CDA1400FCC52E /* Login.storyboard in Resources */,
				3FE369E727C9A74B00231D42 /* NoeText.otf in Resources */,
				3FE369E527C9A74B00231D42 /* BananaGrotesk-Thin.otf in Resources */,
				3FA6683A287F54DF0006166D /* test_card_tutorial.mp4 in Resources */,
				3FE369D127C9A71D00231D42 /* Assets.xcassets in Resources */,
				3FE369E227C9A74B00231D42 /* BananaGrotesk-Medium.otf in Resources */,
				3F87B97C27D532C200D589F7 /* SelectionCheckmarkView.xib in Resources */,
				3F12F003287A068D00FCC52E /* CheckmarkCollectionViewCell.xib in Resources */,
				3FE369E627C9A74B00231D42 /* BananaGrotesk-Extrabold.otf in Resources */,
				3FE369E327C9A74B00231D42 /* BananaGrotesk-Extralight.otf in Resources */,
				3FE369E127C9A74B00231D42 /* BananaGrotesk-Regular.otf in Resources */,
				3FE369E427C9A74B00231D42 /* BananaGrotesk-Bold.otf in Resources */,
				3F12F017287B7A8200FCC52E /* CheckmarkImageCollectionViewCell.xib in Resources */,
				3F96182027D56DE100CB37B6 /* GoogleService-Info.plist in Resources */,
				3FE369E827C9A74B00231D42 /* NoeText-Book.otf in Resources */,
				3F12F04F287DD61400FCC52E /* IconCheckmarkView.xib in Resources */,
				3FE369E027C9A74B00231D42 /* BananaGrotesk-Semibold.otf in Resources */,
				3FE369DF27C9A74B00231D42 /* BananaGrotesk-Light.otf in Resources */,
				3F87B96D27D429E000D589F7 /* Onboarding.storyboard in Resources */,
				3F12F045287DCC6900FCC52E /* TakeTest.storyboard in Resources */,
			);
			runOnlyForDeploymentPostprocessing = 0;
		};
		3FE369B027C9A07F00231D42 /* Resources */ = {
			isa = PBXResourcesBuildPhase;
			buildActionMask = 2147483647;
			files = (
			);
			runOnlyForDeploymentPostprocessing = 0;
		};
		3FE369BA27C9A07F00231D42 /* Resources */ = {
			isa = PBXResourcesBuildPhase;
			buildActionMask = 2147483647;
			files = (
			);
			runOnlyForDeploymentPostprocessing = 0;
		};
/* End PBXResourcesBuildPhase section */

/* Begin PBXShellScriptBuildPhase section */
		9A12A64D682B5E96466F0488 /* [CP] Embed Pods Frameworks */ = {
			isa = PBXShellScriptBuildPhase;
			buildActionMask = 2147483647;
			files = (
			);
			inputFileListPaths = (
				"${PODS_ROOT}/Target Support Files/Pods-Vessel/Pods-Vessel-frameworks-${CONFIGURATION}-input-files.xcfilelist",
			);
			name = "[CP] Embed Pods Frameworks";
			outputFileListPaths = (
				"${PODS_ROOT}/Target Support Files/Pods-Vessel/Pods-Vessel-frameworks-${CONFIGURATION}-output-files.xcfilelist",
			);
			runOnlyForDeploymentPostprocessing = 0;
			shellPath = /bin/sh;
			shellScript = "\"${PODS_ROOT}/Target Support Files/Pods-Vessel/Pods-Vessel-frameworks.sh\"\n";
			showEnvVarsInLog = 0;
		};
		D9CB45A9CA746992318192CC /* [CP] Check Pods Manifest.lock */ = {
			isa = PBXShellScriptBuildPhase;
			buildActionMask = 2147483647;
			files = (
			);
			inputFileListPaths = (
			);
			inputPaths = (
				"${PODS_PODFILE_DIR_PATH}/Podfile.lock",
				"${PODS_ROOT}/Manifest.lock",
			);
			name = "[CP] Check Pods Manifest.lock";
			outputFileListPaths = (
			);
			outputPaths = (
				"$(DERIVED_FILE_DIR)/Pods-Vessel-checkManifestLockResult.txt",
			);
			runOnlyForDeploymentPostprocessing = 0;
			shellPath = /bin/sh;
			shellScript = "diff \"${PODS_PODFILE_DIR_PATH}/Podfile.lock\" \"${PODS_ROOT}/Manifest.lock\" > /dev/null\nif [ $? != 0 ] ; then\n    # print error to STDERR\n    echo \"error: The sandbox is not in sync with the Podfile.lock. Run 'pod install' or update your CocoaPods installation.\" >&2\n    exit 1\nfi\n# This output is used by Xcode 'outputs' to avoid re-running this script phase.\necho \"SUCCESS\" > \"${SCRIPT_OUTPUT_FILE_0}\"\n";
			showEnvVarsInLog = 0;
		};
/* End PBXShellScriptBuildPhase section */

/* Begin PBXSourcesBuildPhase section */
		3FE3699827C9A07E00231D42 /* Sources */ = {
			isa = PBXSourcesBuildPhase;
			buildActionMask = 2147483647;
			files = (
				3F12F04B287DCE2200FCC52E /* CupTipViewController.swift in Sources */,
				3F4C59482877CE6B0088F03A /* UICollectionViewExtension.swift in Sources */,
				3F13A7972877CB2D00C74FB9 /* CheckmarkCollectionViewCell.swift in Sources */,
				3F0547B127C9DB8F006E3098 /* DebugViewController.swift in Sources */,
				3F87B97227D44F4A00D589F7 /* LastViewController.swift in Sources */,
				3F0547CB27CAC72D006E3098 /* SocialAuthViewController.swift in Sources */,
				3F96182627F35B1100CB37B6 /* VesselSegmentedControl.swift in Sources */,
				3F0547D627CAFF91006E3098 /* GiftedCardOnboardViewController.swift in Sources */,
				3F87B97027D42BEB00D589F7 /* HeightWeightSelectViewController.swift in Sources */,
				3FE369EF27C9A88A00231D42 /* WelcomeSignInViewController.swift in Sources */,
				3F87B95D27D27A6B00D589F7 /* ObjectStore.swift in Sources */,
				3F0547B727C9E9D5006E3098 /* VesselTextField.swift in Sources */,
				3F12F051287E1CDE00FCC52E /* NibLoadingView.swift in Sources */,
				3F0547B327C9E421006E3098 /* SignupEmailCheckingViewController.swift in Sources */,
				3F0547DA27CB00FA006E3098 /* NoTestCardOnboardViewController.swift in Sources */,
				3F12F049287DCE1400FCC52E /* PeeTipViewController.swift in Sources */,
				3F12F00F287B43AB00FCC52E /* UIScrollViewExtension.swift in Sources */,
				3F0547D027CAEE3B006E3098 /* Contact.swift in Sources */,
				3F87B96727D4209F00D589F7 /* Encodable.swift in Sources */,
				3F4C594A2877CEC10088F03A /* NSObjectExtension.swift in Sources */,
				3F0547AF27C9B8EA006E3098 /* UIViewExtensions.swift in Sources */,
				3F12F011287B4C0600FCC52E /* Goal.swift in Sources */,
				3FE369A027C9A07E00231D42 /* AppDelegate.swift in Sources */,
				3F0547BD27C9F04D006E3098 /* UIViewControllerExtensions.swift in Sources */,
				3F0547BB27C9EB15006E3098 /* UINavigationControllerExtensions.swift in Sources */,
				3F0547CD27CACF08006E3098 /* WKWebviewExtension.swift in Sources */,
				3F0547DC27CB0455006E3098 /* GiftedCardRegisterViewController.swift in Sources */,
				3F12F013287B4DCE00FCC52E /* ItemPreferencesViewController.swift in Sources */,
				3F0547B527C9E82B006E3098 /* LoadingButton.swift in Sources */,
				3F0547AC27C9B8BE006E3098 /* LoginViewController.swift in Sources */,
				3F12F01E287C90BC00FCC52E /* MainViewController.swift in Sources */,
				3F87B96E27D429E000D589F7 /* GenderSelectViewController.swift in Sources */,
				3F0547D227CAFD19006E3098 /* TestCardExistCheckingViewController.swift in Sources */,
				3F13A7922877BEA200C74FB9 /* Diet.swift in Sources */,
				3FA6683C287F64960006166D /* TipInstuctionsViewController.swift in Sources */,
				3F12F047287DCDFF00FCC52E /* SuccessfulTestTipsViewController.swift in Sources */,
				3F12F016287B7A8200FCC52E /* CheckmarkImageCollectionViewCell.swift in Sources */,
				3F0547D427CAFE57006E3098 /* UIColorExtensions.swift in Sources */,
				3F0547C127CA8DD1006E3098 /* ForgotPasswordViewController.swift in Sources */,
				3F87B96C27D429E000D589F7 /* OnboardingViewModel.swift in Sources */,
				3F0547C927CA9FF1006E3098 /* Server.swift in Sources */,
				3FA66837287F4CAC0006166D /* CaptureIntroViewController.swift in Sources */,
				3F0547C327CA94F1006E3098 /* StringExtensions.swift in Sources */,
				3F0547BF27C9F105006E3098 /* AppConstants.swift in Sources */,
				3F87B97627D52D3500D589F7 /* BirthdaySelectViewController.swift in Sources */,
				3F87B97827D5301800D589F7 /* SelectionCheckmarkView.swift in Sources */,
				3F87B97E27D5338D00D589F7 /* NibRegistry.swift in Sources */,
				3FE369A227C9A07E00231D42 /* SceneDelegate.swift in Sources */,
				3F0547C427CA9823006E3098 /* VesselButton.swift in Sources */,
				3F12F058287E532200FCC52E /* KeyboardFriendlyViewController.swift in Sources */,
				3F0547B927C9EAAB006E3098 /* UITextFieldExtensions.swift in Sources */,
				3F12F04E287DD61400FCC52E /* IconCheckmarkView.swift in Sources */,
				3FE369F427C9B34A00231D42 /* BounceButton.swift in Sources */,
				3F12F007287A6B4800FCC52E /* DateExtensions.swift in Sources */,
				3FA66840287F74DD0006166D /* TakeTestMVVMViewController.swift in Sources */,
				3F12F00B287A736600FCC52E /* Allergy.swift in Sources */,
				3F0547D927CB00FA006E3098 /* BoughtCardLoginViewController.swift in Sources */,
				3F3E113827F77CE00089BA6A /* OnboardingWelcomeViewController.swift in Sources */,
				3F12F00D287B3C6900FCC52E /* TermsViewController.swift in Sources */,
				3F12F019287B896A00FCC52E /* OnboardingFinalViewController.swift in Sources */,
				3FA6683E287F69830006166D /* TakeTestViewModel.swift in Sources */,
				3F87B95F27D2C41C00D589F7 /* Storage.swift in Sources */,
				3F12F053287E283800FCC52E /* TestAfterWakingUpViewController.swift in Sources */,
			);
			runOnlyForDeploymentPostprocessing = 0;
		};
		3FE369AE27C9A07F00231D42 /* Sources */ = {
			isa = PBXSourcesBuildPhase;
			buildActionMask = 2147483647;
			files = (
				3FE369B727C9A07F00231D42 /* VesselTests.swift in Sources */,
			);
			runOnlyForDeploymentPostprocessing = 0;
		};
		3FE369B827C9A07F00231D42 /* Sources */ = {
			isa = PBXSourcesBuildPhase;
			buildActionMask = 2147483647;
			files = (
				3FE369C327C9A07F00231D42 /* VesselUITestsLaunchTests.swift in Sources */,
				3FE369C127C9A07F00231D42 /* VesselUITests.swift in Sources */,
			);
			runOnlyForDeploymentPostprocessing = 0;
		};
/* End PBXSourcesBuildPhase section */

/* Begin PBXTargetDependency section */
		3FE369B427C9A07F00231D42 /* PBXTargetDependency */ = {
			isa = PBXTargetDependency;
			target = 3FE3699B27C9A07E00231D42 /* Vessel */;
			targetProxy = 3FE369B327C9A07F00231D42 /* PBXContainerItemProxy */;
		};
		3FE369BE27C9A07F00231D42 /* PBXTargetDependency */ = {
			isa = PBXTargetDependency;
			target = 3FE3699B27C9A07E00231D42 /* Vessel */;
			targetProxy = 3FE369BD27C9A07F00231D42 /* PBXContainerItemProxy */;
		};
/* End PBXTargetDependency section */

/* Begin PBXVariantGroup section */
		3FE369AA27C9A07F00231D42 /* LaunchScreen.storyboard */ = {
			isa = PBXVariantGroup;
			children = (
				3FE369AB27C9A07F00231D42 /* Base */,
			);
			name = LaunchScreen.storyboard;
			sourceTree = "<group>";
		};
/* End PBXVariantGroup section */

/* Begin XCBuildConfiguration section */
		3FE369C427C9A07F00231D42 /* Debug */ = {
			isa = XCBuildConfiguration;
			buildSettings = {
				ALWAYS_SEARCH_USER_PATHS = NO;
				CLANG_ANALYZER_NONNULL = YES;
				CLANG_ANALYZER_NUMBER_OBJECT_CONVERSION = YES_AGGRESSIVE;
				CLANG_CXX_LANGUAGE_STANDARD = "gnu++17";
				CLANG_CXX_LIBRARY = "libc++";
				CLANG_ENABLE_MODULES = YES;
				CLANG_ENABLE_OBJC_ARC = YES;
				CLANG_ENABLE_OBJC_WEAK = YES;
				CLANG_WARN_BLOCK_CAPTURE_AUTORELEASING = YES;
				CLANG_WARN_BOOL_CONVERSION = YES;
				CLANG_WARN_COMMA = YES;
				CLANG_WARN_CONSTANT_CONVERSION = YES;
				CLANG_WARN_DEPRECATED_OBJC_IMPLEMENTATIONS = YES;
				CLANG_WARN_DIRECT_OBJC_ISA_USAGE = YES_ERROR;
				CLANG_WARN_DOCUMENTATION_COMMENTS = YES;
				CLANG_WARN_EMPTY_BODY = YES;
				CLANG_WARN_ENUM_CONVERSION = YES;
				CLANG_WARN_INFINITE_RECURSION = YES;
				CLANG_WARN_INT_CONVERSION = YES;
				CLANG_WARN_NON_LITERAL_NULL_CONVERSION = YES;
				CLANG_WARN_OBJC_IMPLICIT_RETAIN_SELF = YES;
				CLANG_WARN_OBJC_LITERAL_CONVERSION = YES;
				CLANG_WARN_OBJC_ROOT_CLASS = YES_ERROR;
				CLANG_WARN_QUOTED_INCLUDE_IN_FRAMEWORK_HEADER = YES;
				CLANG_WARN_RANGE_LOOP_ANALYSIS = YES;
				CLANG_WARN_STRICT_PROTOTYPES = YES;
				CLANG_WARN_SUSPICIOUS_MOVE = YES;
				CLANG_WARN_UNGUARDED_AVAILABILITY = YES_AGGRESSIVE;
				CLANG_WARN_UNREACHABLE_CODE = YES;
				CLANG_WARN__DUPLICATE_METHOD_MATCH = YES;
				COPY_PHASE_STRIP = NO;
				DEBUG_INFORMATION_FORMAT = dwarf;
				ENABLE_STRICT_OBJC_MSGSEND = YES;
				ENABLE_TESTABILITY = YES;
				GCC_C_LANGUAGE_STANDARD = gnu11;
				GCC_DYNAMIC_NO_PIC = NO;
				GCC_NO_COMMON_BLOCKS = YES;
				GCC_OPTIMIZATION_LEVEL = 0;
				GCC_PREPROCESSOR_DEFINITIONS = (
					"DEBUG=1",
					"$(inherited)",
				);
				GCC_WARN_64_TO_32_BIT_CONVERSION = YES;
				GCC_WARN_ABOUT_RETURN_TYPE = YES_ERROR;
				GCC_WARN_UNDECLARED_SELECTOR = YES;
				GCC_WARN_UNINITIALIZED_AUTOS = YES_AGGRESSIVE;
				GCC_WARN_UNUSED_FUNCTION = YES;
				GCC_WARN_UNUSED_VARIABLE = YES;
				IPHONEOS_DEPLOYMENT_TARGET = 15.2;
				MTL_ENABLE_DEBUG_INFO = INCLUDE_SOURCE;
				MTL_FAST_MATH = YES;
				ONLY_ACTIVE_ARCH = YES;
				SDKROOT = iphoneos;
				SWIFT_ACTIVE_COMPILATION_CONDITIONS = DEBUG;
				SWIFT_OPTIMIZATION_LEVEL = "-Onone";
			};
			name = Debug;
		};
		3FE369C527C9A07F00231D42 /* Release */ = {
			isa = XCBuildConfiguration;
			buildSettings = {
				ALWAYS_SEARCH_USER_PATHS = NO;
				CLANG_ANALYZER_NONNULL = YES;
				CLANG_ANALYZER_NUMBER_OBJECT_CONVERSION = YES_AGGRESSIVE;
				CLANG_CXX_LANGUAGE_STANDARD = "gnu++17";
				CLANG_CXX_LIBRARY = "libc++";
				CLANG_ENABLE_MODULES = YES;
				CLANG_ENABLE_OBJC_ARC = YES;
				CLANG_ENABLE_OBJC_WEAK = YES;
				CLANG_WARN_BLOCK_CAPTURE_AUTORELEASING = YES;
				CLANG_WARN_BOOL_CONVERSION = YES;
				CLANG_WARN_COMMA = YES;
				CLANG_WARN_CONSTANT_CONVERSION = YES;
				CLANG_WARN_DEPRECATED_OBJC_IMPLEMENTATIONS = YES;
				CLANG_WARN_DIRECT_OBJC_ISA_USAGE = YES_ERROR;
				CLANG_WARN_DOCUMENTATION_COMMENTS = YES;
				CLANG_WARN_EMPTY_BODY = YES;
				CLANG_WARN_ENUM_CONVERSION = YES;
				CLANG_WARN_INFINITE_RECURSION = YES;
				CLANG_WARN_INT_CONVERSION = YES;
				CLANG_WARN_NON_LITERAL_NULL_CONVERSION = YES;
				CLANG_WARN_OBJC_IMPLICIT_RETAIN_SELF = YES;
				CLANG_WARN_OBJC_LITERAL_CONVERSION = YES;
				CLANG_WARN_OBJC_ROOT_CLASS = YES_ERROR;
				CLANG_WARN_QUOTED_INCLUDE_IN_FRAMEWORK_HEADER = YES;
				CLANG_WARN_RANGE_LOOP_ANALYSIS = YES;
				CLANG_WARN_STRICT_PROTOTYPES = YES;
				CLANG_WARN_SUSPICIOUS_MOVE = YES;
				CLANG_WARN_UNGUARDED_AVAILABILITY = YES_AGGRESSIVE;
				CLANG_WARN_UNREACHABLE_CODE = YES;
				CLANG_WARN__DUPLICATE_METHOD_MATCH = YES;
				COPY_PHASE_STRIP = NO;
				DEBUG_INFORMATION_FORMAT = "dwarf-with-dsym";
				ENABLE_NS_ASSERTIONS = NO;
				ENABLE_STRICT_OBJC_MSGSEND = YES;
				GCC_C_LANGUAGE_STANDARD = gnu11;
				GCC_NO_COMMON_BLOCKS = YES;
				GCC_WARN_64_TO_32_BIT_CONVERSION = YES;
				GCC_WARN_ABOUT_RETURN_TYPE = YES_ERROR;
				GCC_WARN_UNDECLARED_SELECTOR = YES;
				GCC_WARN_UNINITIALIZED_AUTOS = YES_AGGRESSIVE;
				GCC_WARN_UNUSED_FUNCTION = YES;
				GCC_WARN_UNUSED_VARIABLE = YES;
				IPHONEOS_DEPLOYMENT_TARGET = 15.2;
				MTL_ENABLE_DEBUG_INFO = NO;
				MTL_FAST_MATH = YES;
				SDKROOT = iphoneos;
				SWIFT_COMPILATION_MODE = wholemodule;
				SWIFT_OPTIMIZATION_LEVEL = "-O";
				VALIDATE_PRODUCT = YES;
			};
			name = Release;
		};
		3FE369C727C9A07F00231D42 /* Debug */ = {
			isa = XCBuildConfiguration;
			baseConfigurationReference = A908E6F627578F12D75215FF /* Pods-Vessel.debug.xcconfig */;
			buildSettings = {
				ASSETCATALOG_COMPILER_APPICON_NAME = AppIcon;
				ASSETCATALOG_COMPILER_GLOBAL_ACCENT_COLOR_NAME = AccentColor;
				CODE_SIGN_STYLE = Automatic;
				CURRENT_PROJECT_VERSION = 16;
				DEVELOPMENT_TEAM = LVHT76MK6B;
				GENERATE_INFOPLIST_FILE = YES;
				INFOPLIST_FILE = Vessel/Info.plist;
				INFOPLIST_KEY_UIApplicationSupportsIndirectInputEvents = YES;
				INFOPLIST_KEY_UILaunchStoryboardName = LaunchScreen;
				INFOPLIST_KEY_UIMainStoryboardFile = Login;
				INFOPLIST_KEY_UISupportedInterfaceOrientations = UIInterfaceOrientationPortrait;
				INFOPLIST_KEY_UISupportedInterfaceOrientations_iPad = UIInterfaceOrientationPortrait;
				INFOPLIST_KEY_UISupportedInterfaceOrientations_iPhone = UIInterfaceOrientationPortrait;
				INFOPLIST_KEY_UIUserInterfaceStyle = Light;
				IPHONEOS_DEPLOYMENT_TARGET = 14.0;
				LD_RUNPATH_SEARCH_PATHS = (
					"$(inherited)",
					"@executable_path/Frameworks",
				);
				MARKETING_VERSION = 3.0;
				PRODUCT_BUNDLE_IDENTIFIER = "com.vesselhealth.vessel-ios";
				PRODUCT_NAME = "$(TARGET_NAME)";
				SWIFT_EMIT_LOC_STRINGS = YES;
				SWIFT_VERSION = 5.0;
				TARGETED_DEVICE_FAMILY = 1;
			};
			name = Debug;
		};
		3FE369C827C9A07F00231D42 /* Release */ = {
			isa = XCBuildConfiguration;
			baseConfigurationReference = 19047202DE476CDF8D072DD8 /* Pods-Vessel.release.xcconfig */;
			buildSettings = {
				ASSETCATALOG_COMPILER_APPICON_NAME = AppIcon;
				ASSETCATALOG_COMPILER_GLOBAL_ACCENT_COLOR_NAME = AccentColor;
				CODE_SIGN_STYLE = Automatic;
				CURRENT_PROJECT_VERSION = 16;
				DEVELOPMENT_TEAM = LVHT76MK6B;
				GENERATE_INFOPLIST_FILE = YES;
				INFOPLIST_FILE = Vessel/Info.plist;
				INFOPLIST_KEY_UIApplicationSupportsIndirectInputEvents = YES;
				INFOPLIST_KEY_UILaunchStoryboardName = LaunchScreen;
				INFOPLIST_KEY_UIMainStoryboardFile = Login;
				INFOPLIST_KEY_UISupportedInterfaceOrientations = UIInterfaceOrientationPortrait;
				INFOPLIST_KEY_UISupportedInterfaceOrientations_iPad = UIInterfaceOrientationPortrait;
				INFOPLIST_KEY_UISupportedInterfaceOrientations_iPhone = UIInterfaceOrientationPortrait;
				INFOPLIST_KEY_UIUserInterfaceStyle = Light;
				IPHONEOS_DEPLOYMENT_TARGET = 14.0;
				LD_RUNPATH_SEARCH_PATHS = (
					"$(inherited)",
					"@executable_path/Frameworks",
				);
				MARKETING_VERSION = 3.0;
				PRODUCT_BUNDLE_IDENTIFIER = "com.vesselhealth.vessel-ios";
				PRODUCT_NAME = "$(TARGET_NAME)";
				SWIFT_EMIT_LOC_STRINGS = YES;
				SWIFT_VERSION = 5.0;
				TARGETED_DEVICE_FAMILY = 1;
			};
			name = Release;
		};
		3FE369CA27C9A07F00231D42 /* Debug */ = {
			isa = XCBuildConfiguration;
			buildSettings = {
				ALWAYS_EMBED_SWIFT_STANDARD_LIBRARIES = YES;
				BUNDLE_LOADER = "$(TEST_HOST)";
				CODE_SIGN_STYLE = Automatic;
				CURRENT_PROJECT_VERSION = 1;
				DEVELOPMENT_TEAM = LVHT76MK6B;
				GENERATE_INFOPLIST_FILE = YES;
				IPHONEOS_DEPLOYMENT_TARGET = 15.2;
				MARKETING_VERSION = 1.0;
				PRODUCT_BUNDLE_IDENTIFIER = com.vesselhealth.VesselTests;
				PRODUCT_NAME = "$(TARGET_NAME)";
				SWIFT_EMIT_LOC_STRINGS = NO;
				SWIFT_VERSION = 5.0;
				TARGETED_DEVICE_FAMILY = "1,2";
				TEST_HOST = "$(BUILT_PRODUCTS_DIR)/Vessel.app/Vessel";
			};
			name = Debug;
		};
		3FE369CB27C9A07F00231D42 /* Release */ = {
			isa = XCBuildConfiguration;
			buildSettings = {
				ALWAYS_EMBED_SWIFT_STANDARD_LIBRARIES = YES;
				BUNDLE_LOADER = "$(TEST_HOST)";
				CODE_SIGN_STYLE = Automatic;
				CURRENT_PROJECT_VERSION = 1;
				DEVELOPMENT_TEAM = LVHT76MK6B;
				GENERATE_INFOPLIST_FILE = YES;
				IPHONEOS_DEPLOYMENT_TARGET = 15.2;
				MARKETING_VERSION = 1.0;
				PRODUCT_BUNDLE_IDENTIFIER = com.vesselhealth.VesselTests;
				PRODUCT_NAME = "$(TARGET_NAME)";
				SWIFT_EMIT_LOC_STRINGS = NO;
				SWIFT_VERSION = 5.0;
				TARGETED_DEVICE_FAMILY = "1,2";
				TEST_HOST = "$(BUILT_PRODUCTS_DIR)/Vessel.app/Vessel";
			};
			name = Release;
		};
		3FE369CD27C9A07F00231D42 /* Debug */ = {
			isa = XCBuildConfiguration;
			buildSettings = {
				ALWAYS_EMBED_SWIFT_STANDARD_LIBRARIES = YES;
				CODE_SIGN_STYLE = Automatic;
				CURRENT_PROJECT_VERSION = 1;
				DEVELOPMENT_TEAM = LVHT76MK6B;
				GENERATE_INFOPLIST_FILE = YES;
				MARKETING_VERSION = 1.0;
				PRODUCT_BUNDLE_IDENTIFIER = com.vesselhealth.VesselUITests;
				PRODUCT_NAME = "$(TARGET_NAME)";
				SWIFT_EMIT_LOC_STRINGS = NO;
				SWIFT_VERSION = 5.0;
				TARGETED_DEVICE_FAMILY = "1,2";
				TEST_TARGET_NAME = Vessel;
			};
			name = Debug;
		};
		3FE369CE27C9A07F00231D42 /* Release */ = {
			isa = XCBuildConfiguration;
			buildSettings = {
				ALWAYS_EMBED_SWIFT_STANDARD_LIBRARIES = YES;
				CODE_SIGN_STYLE = Automatic;
				CURRENT_PROJECT_VERSION = 1;
				DEVELOPMENT_TEAM = LVHT76MK6B;
				GENERATE_INFOPLIST_FILE = YES;
				MARKETING_VERSION = 1.0;
				PRODUCT_BUNDLE_IDENTIFIER = com.vesselhealth.VesselUITests;
				PRODUCT_NAME = "$(TARGET_NAME)";
				SWIFT_EMIT_LOC_STRINGS = NO;
				SWIFT_VERSION = 5.0;
				TARGETED_DEVICE_FAMILY = "1,2";
				TEST_TARGET_NAME = Vessel;
			};
			name = Release;
		};
/* End XCBuildConfiguration section */

/* Begin XCConfigurationList section */
		3FE3699727C9A07E00231D42 /* Build configuration list for PBXProject "Vessel" */ = {
			isa = XCConfigurationList;
			buildConfigurations = (
				3FE369C427C9A07F00231D42 /* Debug */,
				3FE369C527C9A07F00231D42 /* Release */,
			);
			defaultConfigurationIsVisible = 0;
			defaultConfigurationName = Release;
		};
		3FE369C627C9A07F00231D42 /* Build configuration list for PBXNativeTarget "Vessel" */ = {
			isa = XCConfigurationList;
			buildConfigurations = (
				3FE369C727C9A07F00231D42 /* Debug */,
				3FE369C827C9A07F00231D42 /* Release */,
			);
			defaultConfigurationIsVisible = 0;
			defaultConfigurationName = Release;
		};
		3FE369C927C9A07F00231D42 /* Build configuration list for PBXNativeTarget "VesselTests" */ = {
			isa = XCConfigurationList;
			buildConfigurations = (
				3FE369CA27C9A07F00231D42 /* Debug */,
				3FE369CB27C9A07F00231D42 /* Release */,
			);
			defaultConfigurationIsVisible = 0;
			defaultConfigurationName = Release;
		};
		3FE369CC27C9A07F00231D42 /* Build configuration list for PBXNativeTarget "VesselUITests" */ = {
			isa = XCConfigurationList;
			buildConfigurations = (
				3FE369CD27C9A07F00231D42 /* Debug */,
				3FE369CE27C9A07F00231D42 /* Release */,
			);
			defaultConfigurationIsVisible = 0;
			defaultConfigurationName = Release;
		};
/* End XCConfigurationList section */
	};
	rootObject = 3FE3699427C9A07E00231D42 /* Project object */;
}
